Microsoft Visual Studio Solution File, Format Version 12.00
# Visual Studio Version 16
VisualStudioVersion = 16.0.30621.155
MinimumVisualStudioVersion = 10.0.40219.1
Project("{9A19103F-16F7-4668-BE54-9A1E7A4F7556}") = "ASEvaAPICoreWF", "ASEvaAPICoreWF\ASEvaAPICoreWF.csproj", "{1188303C-640F-45FD-8146-D95EE364FCE1}"
EndProject
Global
	GlobalSection(SolutionConfigurationPlatforms) = preSolution
		Release|Any CPU = Release|Any CPU
	EndGlobalSection
	GlobalSection(ProjectConfigurationPlatforms) = postSolution
		{1188303C-640F-45FD-8146-D95EE364FCE1}.Release|Any CPU.ActiveCfg = Release|Any CPU
		{1188303C-640F-45FD-8146-D95EE364FCE1}.Release|Any CPU.Build.0 = Release|Any CPU
	EndGlobalSection
	GlobalSection(SolutionProperties) = preSolution
		HideSolutionNode = FALSE
	EndGlobalSection
	GlobalSection(ExtensibilityGlobals) = postSolution
		SolutionGuid = {D4DBEB6B-D44A-47A8-BBF9-DA7AD6C0899D}
	EndGlobalSection
EndGlobal
